github.com/bowman2001/perplex v0.0.0-20221030113703-14fe4a6d91da h1:CNxD58zHvHZnDuM+yzeIhBCWUWoyUz39yB4Yym5v+po=
github.com/bowman2001/perplex v0.0.0-20221030113703-14fe4a6d91da/go.mod h1:glGneOJ84D/RMnRttS5w1WBvWunlST6IwviU4wU8y3c=
github.com/bowman2001/perplex v0.0.0-20221030114907-39fad36dd7cf h1:ltIRP7EULEJKCEaiZBGPpCUQOEmsE34G80OnktP/D5w=
github.com/bowman2001/perplex v0.0.0-20221030114907-39fad36dd7cf/go.mod h1:glGneOJ84D/RMnRttS5w1WBvWunlST6IwviU4wU8y3c=
github.com/bowman2001/perplex v0.0.0-20221030130745-884bc61b9a41 h1:LNfTiYj4pDejdNaC/tAWBo2Z2GIAWRwzAysgPeNp1U4=
github.com/bowman2001/perplex v0.0.0-20221030130745-884bc61b9a41/go.mod h1:glGneOJ84D/RMnRttS5w1WBvWunlST6IwviU4wU8y3c=
