github.com/bowman2001/perplex v0.0.0-20220509140204-471604dee073 h1:1iDzUfSHkjS1tagSvOk3KnPqbenWtaFPu7GIQveH16o=
github.com/bowman2001/perplex v0.0.0-20220509140204-471604dee073/go.mod h1:UeLfM8Szsmk7ePMhkrFUSsyZ3IQwHckbCSsQDtXdGjQ=
github.com/bowman2001/perplex v0.0.0-20220509173321-82949befa51f h1:/v++qJHb+WyEBNdw+JnynWc5sCagsWd5QuARWg0bSzw=
github.com/bowman2001/perplex v0.0.0-20220509173321-82949befa51f/go.mod h1:UeLfM8Szsmk7ePMhkrFUSsyZ3IQwHckbCSsQDtXdGjQ=
github.com/bowman2001/perplex v0.0.0-20220509215045-59b841f28f4b h1:Ejv8ghcOfC5RfWDe3mDZeK8PawNvqC/fSONIIvOrv8c=
github.com/bowman2001/perplex v0.0.0-20220509215045-59b841f28f4b/go.mod h1:UeLfM8Szsmk7ePMhkrFUSsyZ3IQwHckbCSsQDtXdGjQ=
github.com/bowman2001/perplex v0.0.0-20220510095620-95afd8ab5f9c h1:mxSpThNH/VnjsVmN7kRP6o2UdnR8Qpzn4atv3thR2Ls=
github.com/bowman2001/perplex v0.0.0-20220510095620-95afd8ab5f9c/go.mod h1:UeLfM8Szsmk7ePMhkrFUSsyZ3IQwHckbCSsQDtXdGjQ=
